<?xml version="1.0" encoding="utf-8"?>
<Project ToolsVersion="4.0" xmlns="http://schemas.microsoft.com/developer/msbuild/2003">
  <ItemGroup>
    <Filter Include="Source Files">
      <UniqueIdentifier>{a0fd3c57-910e-4abc-a1f3-2dd61924c951}</UniqueIdentifier>
      <Extensions>cpp;c;cxx;rc;def;r;odl;idl;hpj;bat</Extensions>
    </Filter>
    <Filter Include="Header Files">
      <UniqueIdentifier>{443b1952-7f81-498d-a874-33060144c093}</UniqueIdentifier>
      <Extensions>h;hpp;hxx;hm;inl</Extensions>
    </Filter>
    <Filter Include="Resource Files">
      <UniqueIdentifier>{d1e6a435-edcb-4311-abaa-464b0ccee385}</UniqueIdentifier>
      <Extensions>ico;cur;bmp;dlg;rc2;rct;bin;rgs;gif;jpg;jpeg;jpe</Extensions>
    </Filter>
  </ItemGroup>
  <ItemGroup>
    <ClCompile Include="BCMenu.cpp">
      <Filter>Source Files</Filter>
    </ClCompile>
    <ClCompile Include="BtnST.cpp">
      <Filter>Source Files</Filter>
    </ClCompile>
    <ClCompile Include="CeXDib.cpp">
      <Filter>Source Files</Filter>
    </ClCompile>
    <ClCompile Include="dlgConfirm.cpp">
      <Filter>Source Files</Filter>
    </ClCompile>
    <ClCompile Include="explain.cpp">
      <Filter>Source Files</Filter>
    </ClCompile>
    <ClCompile Include="Guide.cpp">
      <Filter>Source Files</Filter>
    </ClCompile>
    <ClCompile Include="Inject.cpp">
      <Filter>Source Files</Filter>
    </ClCompile>
    <ClCompile Include="Options.cpp">
      <Filter>Source Files</Filter>
    </ClCompile>
    <ClCompile Include="ShadeButtonST.cpp">
      <Filter>Source Files</Filter>
    </ClCompile>
    <ClCompile Include="StdAfx.cpp">
      <Filter>Source Files</Filter>
    </ClCompile>
    <ClCompile Include="胰岛素泵.cpp">
      <Filter>Source Files</Filter>
    </ClCompile>
    <ClCompile Include="胰岛素泵Dlg.cpp">
      <Filter>Source Files</Filter>
    </ClCompile>
  </ItemGroup>
  <ItemGroup>
    <ResourceCompile Include="胰岛素泵.rc">
      <Filter>Source Files</Filter>
    </ResourceCompile>
  </ItemGroup>
  <ItemGroup>
    <ClInclude Include="BCMenu.h">
      <Filter>Header Files</Filter>
    </ClInclude>
    <ClInclude Include="BtnST.h">
      <Filter>Header Files</Filter>
    </ClInclude>
    <ClInclude Include="CeXDib.h">
      <Filter>Header Files</Filter>
    </ClInclude>
    <ClInclude Include="dlgConfirm.h">
      <Filter>Header Files</Filter>
    </ClInclude>
    <ClInclude Include="explain.h">
      <Filter>Header Files</Filter>
    </ClInclude>
    <ClInclude Include="Guide.h">
      <Filter>Header Files</Filter>
    </ClInclude>
    <ClInclude Include="Inject.h">
      <Filter>Header Files</Filter>
    </ClInclude>
    <ClInclude Include="Options.h">
      <Filter>Header Files</Filter>
    </ClInclude>
    <ClInclude Include="Resource.h">
      <Filter>Header Files</Filter>
    </ClInclude>
    <ClInclude Include="ShadeButtonST.h">
      <Filter>Header Files</Filter>
    </ClInclude>
    <ClInclude Include="StdAfx.h">
      <Filter>Header Files</Filter>
    </ClInclude>
    <ClInclude Include="胰岛素泵.h">
      <Filter>Header Files</Filter>
    </ClInclude>
    <ClInclude Include="胰岛素泵Dlg.h">
      <Filter>Header Files</Filter>
    </ClInclude>
  </ItemGroup>
  <ItemGroup>
    <CustomBuild Include="res\About.ico">
      <Filter>Resource Files</Filter>
    </CustomBuild>
    <CustomBuild Include="res\backgroud.bmp">
      <Filter>Resource Files</Filter>
    </CustomBuild>
    <CustomBuild Include="res\Background.bmp">
      <Filter>Resource Files</Filter>
    </CustomBuild>
    <CustomBuild Include="res\EOapp.ico">
      <Filter>Resource Files</Filter>
    </CustomBuild>
    <CustomBuild Include="res\explain.bmp">
      <Filter>Resource Files</Filter>
    </CustomBuild>
    <CustomBuild Include="res\Help.ico">
      <Filter>Resource Files</Filter>
    </CustomBuild>
    <CustomBuild Include="res\Lamp1.ico">
      <Filter>Resource Files</Filter>
    </CustomBuild>
    <CustomBuild Include="res\胰岛素泵.ico">
      <Filter>Resource Files</Filter>
    </CustomBuild>
    <CustomBuild Include="res\胰岛素泵.rc2">
      <Filter>Resource Files</Filter>
    </CustomBuild>
    <CustomBuild Include="res\指导.bmp">
      <Filter>Resource Files</Filter>
    </CustomBuild>
    <CustomBuild Include="res\alarm.wav" />
    <CustomBuild Include="res\AlarmElectric.wav" />
    <CustomBuild Include="res\LOW.wav" />
    <CustomBuild Include="ReadMe.txt" />
    <CustomBuild Include="res\UseUp.wav" />
    <CustomBuild Include="res\说明.png" />
  </ItemGroup>
</Project>